
Microsoft Visual Studio Solution File, Format Version 12.00
# Visual Studio Version 17
VisualStudioVersion = 17.2.32616.157
MinimumVisualStudioVersion = 10.0.40219.1
Project("{FAE04EC0-301F-11D3-BF4B-00C04F79EFBC}") = "QR Code Scanner", "QR Code Scanner\QR Code Scanner.csproj", "{1A0A4D5B-EEF7-42E0-9DAD-670094559EFF}"
EndProject
Global
	GlobalSection(SolutionConfigurationPlatforms) = preSolution
		Debug|Any CPU = Debug|Any CPU
		Release|Any CPU = Release|Any CPU
	EndGlobalSection
	GlobalSection(ProjectConfigurationPlatforms) = postSolution
		{1A0A4D5B-EEF7-42E0-9DAD-670094559EFF}.Debug|Any CPU.ActiveCfg = Debug|Any CPU
		{1A0A4D5B-EEF7-42E0-9DAD-670094559EFF}.Debug|Any CPU.Build.0 = Debug|Any CPU
		{1A0A4D5B-EEF7-42E0-9DAD-670094559EFF}.Release|Any CPU.ActiveCfg = Release|Any CPU
		{1A0A4D5B-EEF7-42E0-9DAD-670094559EFF}.Release|Any CPU.Build.0 = Release|Any CPU
	EndGlobalSection
	GlobalSection(SolutionProperties) = preSolution
		HideSolutionNode = FALSE
	EndGlobalSection
	GlobalSection(ExtensibilityGlobals) = postSolution
		SolutionGuid = {5F185FA2-499C-41D8-8321-D62C788D1EA1}
	EndGlobalSection
EndGlobal
